<?xml version="1.0" encoding="utf-8"?>
<Project ToolsVersion="4.0" xmlns="http://schemas.microsoft.com/developer/msbuild/2003">
  <ItemGroup>
    <Filter Include="Source files">
      <UniqueIdentifier>{4FC737F1-C7A5-4376-A066-2A32D752A2FF}</UniqueIdentifier>
      <Extensions>cpp;c;cc;cxx;c++;cppm;ixx;def;odl;idl;hpj;bat;asm;asmx</Extensions>
    </Filter>
    <Filter Include="Header files">
      <UniqueIdentifier>{93995380-89BD-4b04-88EB-625FBE52EBFB}</UniqueIdentifier>
      <Extensions>h;hh;hpp;hxx;h++;hm;inl;inc;ipp;xsd</Extensions>
    </Filter>
    <Filter Include="Resource files">
      <UniqueIdentifier>{67DA6AB6-F800-4c08-8B7A-83BB121AAD01}</UniqueIdentifier>
      <Extensions>rc;ico;cur;bmp;dlg;rc2;rct;bin;rgs;gif;jpg;jpeg;jpe;resx;tiff;tif;png;wav;mfcribbon-ms</Extensions>
    </Filter>
    <Filter Include="Source files\src">
      <UniqueIdentifier>{98a6a844-b321-4145-83ed-7f6dcec3bc3b}</UniqueIdentifier>
    </Filter>
    <Filter Include="Resource files\shaders">
      <UniqueIdentifier>{052b6730-33f0-4c5c-8afc-235f2e045277}</UniqueIdentifier>
    </Filter>
    <Filter Include="Header files\icl">
      <UniqueIdentifier>{d5ba1ca6-fa01-4d97-a3ff-9267d2ff7a01}</UniqueIdentifier>
    </Filter>
    <Filter Include="Source files\icl">
      <UniqueIdentifier>{d193c024-227b-45fd-b05f-c9080e0752aa}</UniqueIdentifier>
    </Filter>
    <Filter Include="Header files\IclClasses">
      <UniqueIdentifier>{db416c3a-d691-4109-b96f-0024323b06f9}</UniqueIdentifier>
    </Filter>
    <Filter Include="Header files\IclClasses\Node">
      <UniqueIdentifier>{1a83ee25-59da-46a5-98bd-5e10325d19b0}</UniqueIdentifier>
    </Filter>
  </ItemGroup>
  <ItemGroup>
    <ClCompile Include="..\IceLoftSrc\glad.c">
      <Filter>Source files</Filter>
    </ClCompile>
    <ClCompile Include="..\Includes\ImGUI\imgui_demo.cpp">
      <Filter>Source files</Filter>
    </ClCompile>
    <ClCompile Include="..\Includes\ImGUI\imgui_draw.cpp">
      <Filter>Source files</Filter>
    </ClCompile>
    <ClCompile Include="..\Includes\ImGUI\imgui_impl_glfw.cpp">
      <Filter>Source files</Filter>
    </ClCompile>
    <ClCompile Include="..\Includes\ImGUI\imgui_impl_opengl3.cpp">
      <Filter>Source files</Filter>
    </ClCompile>
    <ClCompile Include="..\Includes\ImGUI\imgui_tables.cpp">
      <Filter>Source files</Filter>
    </ClCompile>
    <ClCompile Include="..\Includes\ImGUI\imgui_widgets.cpp">
      <Filter>Source files</Filter>
    </ClCompile>
    <ClCompile Include="..\Includes\ImGUI\imgui.cpp">
      <Filter>Source files</Filter>
    </ClCompile>
    <ClCompile Include="..\IceLoftSrc\stb_img.cpp">
      <Filter>Source files</Filter>
    </ClCompile>
    <ClCompile Include="..\IceLoftSrc\main.cpp">
      <Filter>Source files\src</Filter>
    </ClCompile>
    <ClCompile Include="..\Includes\icl\iceloft_debug.cpp">
      <Filter>Source files\icl</Filter>
    </ClCompile>
    <ClCompile Include="..\Includes\icl\inpt.cpp">
      <Filter>Source files\src</Filter>
    </ClCompile>
    <ClCompile Include="..\IceLoftSrc\program.cpp">
      <Filter>Source files\src</Filter>
    </ClCompile>
    <ClCompile Include="..\IclClasses\Game.cpp">
      <Filter>Header files\IclClasses</Filter>
    </ClCompile>
    <ClCompile Include="..\IclClasses\IclShader.cpp">
      <Filter>Header files\IclClasses</Filter>
    </ClCompile>
    <ClCompile Include="..\IclClasses\Resource.cpp">
      <Filter>Header files\IclClasses</Filter>
    </ClCompile>
    <ClCompile Include="..\IclClasses\ResourceManager.cpp">
      <Filter>Header files\IclClasses</Filter>
    </ClCompile>
    <ClCompile Include="..\IclClasses\Texture.cpp">
      <Filter>Header files\IclClasses</Filter>
    </ClCompile>
    <ClCompile Include="..\IclClasses\ShaderProgram.cpp">
      <Filter>Header files\IclClasses</Filter>
    </ClCompile>
    <ClCompile Include="..\IclClasses\Node.cpp">
      <Filter>Header files\IclClasses</Filter>
    </ClCompile>
    <ClCompile Include="..\IclClasses\Node\Root.cpp">
      <Filter>Header files\IclClasses\Node</Filter>
    </ClCompile>
    <ClCompile Include="..\IclClasses\Node\Node3D.cpp">
      <Filter>Header files\IclClasses\Node</Filter>
    </ClCompile>
    <ClCompile Include="..\IclClasses\Node\Transform.cpp">
      <Filter>Header files\IclClasses\Node</Filter>
    </ClCompile>
  </ItemGroup>
  <ItemGroup>
    <ClInclude Include="..\Includes\ImGUI\imstb_textedit.h">
      <Filter>Header files</Filter>
    </ClInclude>
    <ClInclude Include="..\Includes\ImGUI\imstb_truetype.h">
      <Filter>Header files</Filter>
    </ClInclude>
    <ClInclude Include="..\Includes\ImGUI\imconfig.h">
      <Filter>Header files</Filter>
    </ClInclude>
    <ClInclude Include="..\Includes\ImGUI\imgui.h">
      <Filter>Header files</Filter>
    </ClInclude>
    <ClInclude Include="..\Includes\ImGUI\imgui_impl_glfw.h">
      <Filter>Header files</Filter>
    </ClInclude>
    <ClInclude Include="..\Includes\ImGUI\imgui_internal.h">
      <Filter>Header files</Filter>
    </ClInclude>
    <ClInclude Include="..\Includes\ImGUI\imstb_rectpack.h">
      <Filter>Header files</Filter>
    </ClInclude>
    <ClInclude Include="..\Includes\ImGUI\imgui_impl_opengl3_loader.h">
      <Filter>Header files</Filter>
    </ClInclude>
    <ClInclude Include="..\Includes\engineGraphicalClasses\shader_s.h">
      <Filter>Header files</Filter>
    </ClInclude>
    <ClInclude Include="..\Includes\stb_image.h">
      <Filter>Header files</Filter>
    </ClInclude>
    <ClInclude Include="..\Includes\glm\glm.hpp">
      <Filter>Header files</Filter>
    </ClInclude>
    <ClInclude Include="..\Includes\glm\gtc\matrix_transform.hpp">
      <Filter>Header files</Filter>
    </ClInclude>
    <ClInclude Include="..\Includes\glm\gtc\type_ptr.hpp">
      <Filter>Header files</Filter>
    </ClInclude>
    <ClInclude Include="..\Includes\icl\icl_debug.h">
      <Filter>Header files\icl</Filter>
    </ClInclude>
    <ClInclude Include="..\Includes\icl\inpt.h">
      <Filter>Header files\icl</Filter>
    </ClInclude>
    <ClInclude Include="..\Includes\icl\icl_ui.h">
      <Filter>Header files\icl</Filter>
    </ClInclude>
    <ClInclude Include="..\Includes\icl\icl_camera.h">
      <Filter>Header files\icl</Filter>
    </ClInclude>
    <ClInclude Include="..\Includes\icl\icl_texture.h">
      <Filter>Header files\icl</Filter>
    </ClInclude>
    <ClInclude Include="..\Includes\icl\engine.h">
      <Filter>Header files\icl</Filter>
    </ClInclude>
    <ClInclude Include="..\IclClasses\Game.h">
      <Filter>Header files\IclClasses</Filter>
    </ClInclude>
    <ClInclude Include="..\IclClasses\IclShader.h">
      <Filter>Header files\IclClasses</Filter>
    </ClInclude>
    <ClInclude Include="..\IclClasses\Resource.h">
      <Filter>Header files\IclClasses</Filter>
    </ClInclude>
    <ClInclude Include="..\IclClasses\ResourceManager.h">
      <Filter>Header files\IclClasses</Filter>
    </ClInclude>
    <ClInclude Include="..\IclClasses\Texture.h">
      <Filter>Header files\IclClasses</Filter>
    </ClInclude>
    <ClInclude Include="..\IclClasses\ShaderProgram.h">
      <Filter>Header files\IclClasses</Filter>
    </ClInclude>
    <ClInclude Include="..\IclClasses\Node.h">
      <Filter>Header files\IclClasses</Filter>
    </ClInclude>
    <ClInclude Include="..\IclClasses\Node\Root.h">
      <Filter>Header files\IclClasses\Node</Filter>
    </ClInclude>
    <ClInclude Include="..\IclClasses\Node\Node3D.h">
      <Filter>Header files\IclClasses\Node</Filter>
    </ClInclude>
    <ClInclude Include="..\IclClasses\Node\Transform.h">
      <Filter>Header files\IclClasses\Node</Filter>
    </ClInclude>
  </ItemGroup>
  <ItemGroup>
    <None Include="..\x64\Debug\texture.vert.glsl">
      <Filter>Resource files\shaders</Filter>
    </None>
    <None Include="..\x64\Debug\texture.frag.glsl">
      <Filter>Resource files\shaders</Filter>
    </None>
    <None Include="..\x64\Debug\lightsrc.frag.glsl">
      <Filter>Resource files\shaders</Filter>
    </None>
    <None Include="..\x64\Debug\lightsrc.vert.glsl">
      <Filter>Resource files\shaders</Filter>
    </None>
    <None Include="..\x64\Debug\billboard.vert.glsl">
      <Filter>Resource files\shaders</Filter>
    </None>
    <None Include="..\x64\Debug\billboard.frag.glsl">
      <Filter>Resource files\shaders</Filter>
    </None>
  </ItemGroup>
</Project>